
Microsoft Visual Studio Solution File, Format Version 12.00
# Visual Studio Version 16
VisualStudioVersion = 16.0.29411.108
MinimumVisualStudioVersion = 10.0.40219.1
Project("{FAE04EC0-301F-11D3-BF4B-00C04F79EFBC}") = "theLazyBill", "theLazyBill.csproj", "{2136F2F6-DD1A-4592-8F01-180FE403E609}"
EndProject
Global
	GlobalSection(SolutionConfigurationPlatforms) = preSolution
		Debug|Any CPU = Debug|Any CPU
		Release|Any CPU = Release|Any CPU
	EndGlobalSection
	GlobalSection(ProjectConfigurationPlatforms) = postSolution
		{2136F2F6-DD1A-4592-8F01-180FE403E609}.Debug|Any CPU.ActiveCfg = Debug|Any CPU
		{2136F2F6-DD1A-4592-8F01-180FE403E609}.Debug|Any CPU.Build.0 = Debug|Any CPU
		{2136F2F6-DD1A-4592-8F01-180FE403E609}.Release|Any CPU.ActiveCfg = Release|Any CPU
		{2136F2F6-DD1A-4592-8F01-180FE403E609}.Release|Any CPU.Build.0 = Release|Any CPU
	EndGlobalSection
	GlobalSection(SolutionProperties) = preSolution
		HideSolutionNode = FALSE
	EndGlobalSection
	GlobalSection(ExtensibilityGlobals) = postSolution
		SolutionGuid = {2B8DA226-98CF-4D29-9E9F-76874FFF6225}
	EndGlobalSection
EndGlobal
